
Microsoft Visual Studio Solution File, Format Version 12.00
# Visual Studio Version 16
VisualStudioVersion = 16.0.31729.503
MinimumVisualStudioVersion = 10.0.40219.1
Project("{FAE04EC0-301F-11D3-BF4B-00C04F79EFBC}") = "Homework3", "Homework3\Homework3.csproj", "{B8D42213-AAF0-4E36-8125-1DC1F433A764}"
EndProject
Global
	GlobalSection(SolutionConfigurationPlatforms) = preSolution
		Debug|Any CPU = Debug|Any CPU
		Release|Any CPU = Release|Any CPU
	EndGlobalSection
	GlobalSection(ProjectConfigurationPlatforms) = postSolution
		{B8D42213-AAF0-4E36-8125-1DC1F433A764}.Debug|Any CPU.ActiveCfg = Debug|Any CPU
		{B8D42213-AAF0-4E36-8125-1DC1F433A764}.Debug|Any CPU.Build.0 = Debug|Any CPU
		{B8D42213-AAF0-4E36-8125-1DC1F433A764}.Release|Any CPU.ActiveCfg = Release|Any CPU
		{B8D42213-AAF0-4E36-8125-1DC1F433A764}.Release|Any CPU.Build.0 = Release|Any CPU
	EndGlobalSection
	GlobalSection(SolutionProperties) = preSolution
		HideSolutionNode = FALSE
	EndGlobalSection
	GlobalSection(ExtensibilityGlobals) = postSolution
		SolutionGuid = {56BB035F-61D0-4C8F-A41C-20DF79397D9C}
	EndGlobalSection
EndGlobal
